
Microsoft Visual Studio Solution File, Format Version 12.00
# Visual Studio Version 17
VisualStudioVersion = 17.8.34525.116
MinimumVisualStudioVersion = 10.0.40219.1
Project("{FAE04EC0-301F-11D3-BF4B-00C04F79EFBC}") = "ConsoleApp1", "ConsoleApp1\ConsoleApp1.csproj", "{38D1320F-0299-4EAB-8A51-6208B0E11232}"
EndProject
Global
	GlobalSection(SolutionConfigurationPlatforms) = preSolution
		Debug|Any CPU = Debug|Any CPU
		Release|Any CPU = Release|Any CPU
	EndGlobalSection
	GlobalSection(ProjectConfigurationPlatforms) = postSolution
		{38D1320F-0299-4EAB-8A51-6208B0E11232}.Debug|Any CPU.ActiveCfg = Debug|Any CPU
		{38D1320F-0299-4EAB-8A51-6208B0E11232}.Debug|Any CPU.Build.0 = Debug|Any CPU
		{38D1320F-0299-4EAB-8A51-6208B0E11232}.Release|Any CPU.ActiveCfg = Release|Any CPU
		{38D1320F-0299-4EAB-8A51-6208B0E11232}.Release|Any CPU.Build.0 = Release|Any CPU
	EndGlobalSection
	GlobalSection(SolutionProperties) = preSolution
		HideSolutionNode = FALSE
	EndGlobalSection
	GlobalSection(ExtensibilityGlobals) = postSolution
		SolutionGuid = {41F4829C-8707-416D-AF08-F97B41C75C9A}
	EndGlobalSection
EndGlobal
